{
  "name": "vite-vue3-project",
  "version": "0.0.0",
  "lockfileVersion": 1,
  "requires": true,
  "dependencies": {
    "@babel/parser": {
      "version": "7.17.9",
      "resolved": "http://rmis.ideasoft.net.cn:8761/@babel%2fparser/-/parser-7.17.9.tgz",
      "integrity": "sha512-vqUSBLP8dQHFPdPi9bc5GK9vRkYHJ49fsZdtoJ8EQ8ibpwk5rPKfvNIwChB0KVXcIjcepEBBd2VHC5r9Gy8ueg=="
    },
    "@ctrl/tinycolor": {
      "version": "3.4.1",
      "resolved": "http://rmis.ideasoft.net.cn:8761/@ctrl%2ftinycolor/-/tinycolor-3.4.1.tgz",
      "integrity": "sha512-ej5oVy6lykXsvieQtqZxCOaLT+xD4+QNarq78cIYISHmZXshCvROLudpQN3lfL8G0NL7plMSSK+zlyvCaIJ4Iw=="
    },
    "@element-plus/icons": {
      "version": "0.0.11",
      "resolved": "http://rmis.ideasoft.net.cn:8761/@element-plus%2ficons/-/icons-0.0.11.tgz",
      "integrity": "sha512-iKQXSxXu131Ai+I9Ymtcof9WId7kaXvB1+WRfAfpQCW7UiAMYgdNDqb/u0hgTo2Yq3MwC4MWJnNuTBEpG8r7+A=="
    },
    "@element-plus/icons-vue": {
      "version": "1.1.4",
      "resolved": "http://rmis.ideasoft.net.cn:8761/@element-plus%2ficons-vue/-/icons-vue-1.1.4.tgz",
      "integrity": "sha512-Iz/nHqdp1sFPmdzRwHkEQQA3lKvoObk8azgABZ81QUOpW9s/lUyQVUSh0tNtEPZXQlKwlSh7SPgoVxzrE0uuVQ=="
    },
    "@floating-ui/core": {
      "version": "0.6.2",
      "resolved": "http://rmis.ideasoft.net.cn:8761/@floating-ui%2fcore/-/core-0.6.2.tgz",
      "integrity": "sha512-jktYRmZwmau63adUG3GKOAVCofBXkk55S/zQ94XOorAHhwqFIOFAy1rSp2N0Wp6/tGbe9V3u/ExlGZypyY17rg=="
    },
    "@floating-ui/dom": {
      "version": "0.4.5",
      "resolved": "http://rmis.ideasoft.net.cn:8761/@floating-ui%2fdom/-/dom-0.4.5.tgz",
      "integrity": "sha512-b+prvQgJt8pieaKYMSJBXHxX/DYwdLsAWxKYqnO5dO2V4oo/TYBZJAUQCVNjTWWsrs6o4VDrNcP9+E70HAhJdw==",
      "requires": {
        "@floating-ui/core": "^0.6.2"
      }
    },
    "@popperjs/core": {
      "version": "2.11.5",
      "resolved": "http://rmis.ideasoft.net.cn:8761/@popperjs%2fcore/-/core-2.11.5.tgz",
      "integrity": "sha512-9X2obfABZuDVLCgPK9aX0a/x4jaOEweTTWE2+9sr0Qqqevj2Uv5XorvusThmc9XGYpS9yI+fhh8RTafBtGposw=="
    },
    "@types/lodash": {
      "version": "4.14.182",
      "resolved": "http://rmis.ideasoft.net.cn:8761/@types%2flodash/-/lodash-4.14.182.tgz",
      "integrity": "sha512-/THyiqyQAP9AfARo4pF+aCGcyiQ94tX/Is2I7HofNRqoYLgN1PBoOWu2/zTA5zMxzP5EFutMtWtGAFRKUe961Q=="
    },
    "@types/lodash-es": {
      "version": "4.17.6",
      "resolved": "http://rmis.ideasoft.net.cn:8761/@types%2flodash-es/-/lodash-es-4.17.6.tgz",
      "integrity": "sha512-R+zTeVUKDdfoRxpAryaQNRKk3105Rrgx2CFRClIgRGaqDTdjsm8h6IYA8ir584W3ePzkZfst5xIgDwYrlh9HLg==",
      "requires": {
        "@types/lodash": "*"
      }
    },
    "@types/node": {
      "version": "17.0.25",
      "resolved": "http://rmis.ideasoft.net.cn:8761/@types%2fnode/-/node-17.0.25.tgz",
      "integrity": "sha512-wANk6fBrUwdpY4isjWrKTufkrXdu1D2YHCot2fD/DfWxF5sMrVSA+KN7ydckvaTCh0HiqX9IVl0L5/ZoXg5M7w==",
      "dev": true
    },
    "@vitejs/plugin-vue": {
      "version": "2.3.1",
      "resolved": "http://rmis.ideasoft.net.cn:8761/@vitejs%2fplugin-vue/-/plugin-vue-2.3.1.tgz",
      "integrity": "sha512-YNzBt8+jt6bSwpt7LP890U1UcTOIZZxfpE5WOJ638PNxSEKOqAi0+FSKS0nVeukfdZ0Ai/H7AFd6k3hayfGZqQ==",
      "dev": true
    },
    "@volar/code-gen": {
      "version": "0.34.7",
      "resolved": "http://rmis.ideasoft.net.cn:8761/@volar%2fcode-gen/-/code-gen-0.34.7.tgz",
      "integrity": "sha512-E1N1VGlChXd0D7WPmmjKhtcZdUKNpBFC4BRqfY+7FZGh89FZlw3uG6Nn76/DjMBLVhfCIY9vA8pwWIN1lI8nYw==",
      "dev": true,
      "requires": {
        "@volar/source-map": "0.34.7"
      }
    },
    "@volar/source-map": {
      "version": "0.34.7",
      "resolved": "http://rmis.ideasoft.net.cn:8761/@volar%2fsource-map/-/source-map-0.34.7.tgz",
      "integrity": "sha512-KBNcKCWKsY2f965xuuT4dSbt8GR6nHMzb9gi7ucUHtmRQnvrB31BLBvZNQTHMqkbhRmKArDSuIrbUUG9yu0OXQ==",
      "dev": true
    },
    "@volar/vue-code-gen": {
      "version": "0.34.7",
      "resolved": "http://rmis.ideasoft.net.cn:8761/@volar%2fvue-code-gen/-/vue-code-gen-0.34.7.tgz",
      "integrity": "sha512-vejzO30QrDAEZKguZI8hlAnKhwNoX1INXrOMurlmwCbNft2oEloT+ikFF8QYDz3vWWrdFSsoOKp3BTHyurJ5Nw==",
      "dev": true,
      "requires": {
        "@volar/code-gen": "0.34.7",
        "@volar/source-map": "0.34.7",
        "@vue/compiler-core": "^3.2.31",
        "@vue/compiler-dom": "^3.2.31",
        "@vue/shared": "^3.2.31"
      }
    },
    "@volar/vue-typescript": {
      "version": "0.34.7",
      "resolved": "http://rmis.ideasoft.net.cn:8761/@volar%2fvue-typescript/-/vue-typescript-0.34.7.tgz",
      "integrity": "sha512-Ebln64LQutjuNs8nk57oFo45JMQVdZKThkNAeFrzaqB0UItazRQpSXet4vHzfV18FMCV3Cc6fEqZ14WZzQAxgQ==",
      "dev": true,
      "requires": {
        "@volar/code-gen": "0.34.7",
        "@volar/source-map": "0.34.7",
        "@volar/vue-code-gen": "0.34.7",
        "@vue/compiler-sfc": "^3.2.31",
        "@vue/reactivity": "^3.2.31"
      }
    },
    "@vue/compiler-core": {
      "version": "3.2.33",
      "resolved": "http://rmis.ideasoft.net.cn:8761/@vue%2fcompiler-core/-/compiler-core-3.2.33.tgz",
      "integrity": "sha512-AAmr52ji3Zhk7IKIuigX2osWWsb2nQE5xsdFYjdnmtQ4gymmqXbjLvkSE174+fF3A3kstYrTgGkqgOEbsdLDpw==",
      "requires": {
        "@babel/parser": "^7.16.4",
        "@vue/shared": "3.2.33",
        "estree-walker": "^2.0.2",
        "source-map": "^0.6.1"
      }
    },
    "@vue/compiler-dom": {
      "version": "3.2.33",
      "resolved": "http://rmis.ideasoft.net.cn:8761/@vue%2fcompiler-dom/-/compiler-dom-3.2.33.tgz",
      "integrity": "sha512-GhiG1C8X98Xz9QUX/RlA6/kgPBWJkjq0Rq6//5XTAGSYrTMBgcLpP9+CnlUg1TFxnnCVughAG+KZl28XJqw8uQ==",
      "requires": {
        "@vue/compiler-core": "3.2.33",
        "@vue/shared": "3.2.33"
      }
    },
    "@vue/compiler-sfc": {
      "version": "3.2.33",
      "resolved": "http://rmis.ideasoft.net.cn:8761/@vue%2fcompiler-sfc/-/compiler-sfc-3.2.33.tgz",
      "integrity": "sha512-H8D0WqagCr295pQjUYyO8P3IejM3vEzeCO1apzByAEaAR/WimhMYczHfZVvlCE/9yBaEu/eu9RdiWr0kF8b71Q==",
      "requires": {
        "@babel/parser": "^7.16.4",
        "@vue/compiler-core": "3.2.33",
        "@vue/compiler-dom": "3.2.33",
        "@vue/compiler-ssr": "3.2.33",
        "@vue/reactivity-transform": "3.2.33",
        "@vue/shared": "3.2.33",
        "estree-walker": "^2.0.2",
        "magic-string": "^0.25.7",
        "postcss": "^8.1.10",
        "source-map": "^0.6.1"
      }
    },
    "@vue/compiler-ssr": {
      "version": "3.2.33",
      "resolved": "http://rmis.ideasoft.net.cn:8761/@vue%2fcompiler-ssr/-/compiler-ssr-3.2.33.tgz",
      "integrity": "sha512-XQh1Xdk3VquDpXsnoCd7JnMoWec9CfAzQDQsaMcSU79OrrO2PNR0ErlIjm/mGq3GmBfkQjzZACV+7GhfRB8xMQ==",
      "requires": {
        "@vue/compiler-dom": "3.2.33",
        "@vue/shared": "3.2.33"
      }
    },
    "@vue/devtools-api": {
      "version": "6.1.4",
      "resolved": "http://rmis.ideasoft.net.cn:8761/@vue%2fdevtools-api/-/devtools-api-6.1.4.tgz",
      "integrity": "sha512-IiA0SvDrJEgXvVxjNkHPFfDx6SXw0b/TUkqMcDZWNg9fnCAHbTpoo59YfJ9QLFkwa3raau5vSlRVzMSLDnfdtQ=="
    },
    "@vue/reactivity": {
      "version": "3.2.33",
      "resolved": "http://rmis.ideasoft.net.cn:8761/@vue%2freactivity/-/reactivity-3.2.33.tgz",
      "integrity": "sha512-62Sq0mp9/0bLmDuxuLD5CIaMG2susFAGARLuZ/5jkU1FCf9EDbwUuF+BO8Ub3Rbodx0ziIecM/NsmyjardBxfQ==",
      "requires": {
        "@vue/shared": "3.2.33"
      }
    },
    "@vue/reactivity-transform": {
      "version": "3.2.33",
      "resolved": "http://rmis.ideasoft.net.cn:8761/@vue%2freactivity-transform/-/reactivity-transform-3.2.33.tgz",
      "integrity": "sha512-4UL5KOIvSQb254aqenW4q34qMXbfZcmEsV/yVidLUgvwYQQ/D21bGX3DlgPUGI3c4C+iOnNmDCkIxkILoX/Pyw==",
      "requires": {
        "@babel/parser": "^7.16.4",
        "@vue/compiler-core": "3.2.33",
        "@vue/shared": "3.2.33",
        "estree-walker": "^2.0.2",
        "magic-string": "^0.25.7"
      }
    },
    "@vue/runtime-core": {
      "version": "3.2.33",
      "resolved": "http://rmis.ideasoft.net.cn:8761/@vue%2fruntime-core/-/runtime-core-3.2.33.tgz",
      "integrity": "sha512-N2D2vfaXsBPhzCV3JsXQa2NECjxP3eXgZlFqKh4tgakp3iX6LCGv76DLlc+IfFZq+TW10Y8QUfeihXOupJ1dGw==",
      "requires": {
        "@vue/reactivity": "3.2.33",
        "@vue/shared": "3.2.33"
      }
    },
    "@vue/runtime-dom": {
      "version": "3.2.33",
      "resolved": "http://rmis.ideasoft.net.cn:8761/@vue%2fruntime-dom/-/runtime-dom-3.2.33.tgz",
      "integrity": "sha512-LSrJ6W7CZTSUygX5s8aFkraDWlO6K4geOwA3quFF2O+hC3QuAMZt/0Xb7JKE3C4JD4pFwCSO7oCrZmZ0BIJUnw==",
      "requires": {
        "@vue/runtime-core": "3.2.33",
        "@vue/shared": "3.2.33",
        "csstype": "^2.6.8"
      }
    },
    "@vue/server-renderer": {
      "version": "3.2.33",
      "resolved": "http://rmis.ideasoft.net.cn:8761/@vue%2fserver-renderer/-/server-renderer-3.2.33.tgz",
      "integrity": "sha512-4jpJHRD4ORv8PlbYi+/MfP8ec1okz6rybe36MdpkDrGIdEItHEUyaHSKvz+ptNEyQpALmmVfRteHkU9F8vxOew==",
      "requires": {
        "@vue/compiler-ssr": "3.2.33",
        "@vue/shared": "3.2.33"
      }
    },
    "@vue/shared": {
      "version": "3.2.33",
      "resolved": "http://rmis.ideasoft.net.cn:8761/@vue%2fshared/-/shared-3.2.33.tgz",
      "integrity": "sha512-UBc1Pg1T3yZ97vsA2ueER0F6GbJebLHYlEi4ou1H5YL4KWvMOOWwpYo9/QpWq93wxKG6Wo13IY74Hcn/f7c7Bg=="
    },
    "@vueuse/core": {
      "version": "8.3.0",
      "resolved": "http://rmis.ideasoft.net.cn:8761/@vueuse%2fcore/-/core-8.3.0.tgz",
      "integrity": "sha512-GDHM0vr/E3mw1fbh3yj4DJCJ/KvTXtOtT0OR2kCKuEUOo0Btk45MDGI6MdIqsHMjI0OXBJl8jH8WFv64KU2mOQ==",
      "requires": {
        "@vueuse/metadata": "8.3.0",
        "@vueuse/shared": "8.3.0",
        "vue-demi": "*"
      }
    },
    "@vueuse/metadata": {
      "version": "8.3.0",
      "resolved": "http://rmis.ideasoft.net.cn:8761/@vueuse%2fmetadata/-/metadata-8.3.0.tgz",
      "integrity": "sha512-7R/LNPQWp1r/owa2e71l3dFlJ21p89YE3ks14ZclP2VOTvhC6AzDRcpk+ChISNetv8spsFbWZj/Z7sFjbFZfuw=="
    },
    "@vueuse/shared": {
      "version": "8.3.0",
      "resolved": "http://rmis.ideasoft.net.cn:8761/@vueuse%2fshared/-/shared-8.3.0.tgz",
      "integrity": "sha512-xehtLfevPw9nsVIGFe/tWMtFvbvZjeAfXh7DT9Fptt/6/C5rLwpJtxsVguIBtPybjwobO4KCpQYS78aa9fg5Sw==",
      "requires": {
        "vue-demi": "*"
      }
    },
    "anymatch": {
      "version": "3.1.2",
      "resolved": "http://rmis.ideasoft.net.cn:8761/anymatch/-/anymatch-3.1.2.tgz",
      "integrity": "sha1-wFV8CWrzLxBhmPT04qODU343hxY=",
      "dev": true,
      "requires": {
        "normalize-path": "^3.0.0",
        "picomatch": "^2.0.4"
      }
    },
    "async-validator": {
      "version": "4.0.7",
      "resolved": "http://rmis.ideasoft.net.cn:8761/async-validator/-/async-validator-4.0.7.tgz",
      "integrity": "sha1-A0oP0hA6ay6/AQ2nUYO+wpkkev4="
    },
    "binary-extensions": {
      "version": "2.2.0",
      "resolved": "http://rmis.ideasoft.net.cn:8761/binary-extensions/-/binary-extensions-2.2.0.tgz",
      "integrity": "sha1-dfUC7q+f/eQvyYgpZFvk6na9ni0=",
      "dev": true
    },
    "braces": {
      "version": "3.0.2",
      "resolved": "http://rmis.ideasoft.net.cn:8761/braces/-/braces-3.0.2.tgz",
      "integrity": "sha1-NFThpGLujVmeI23zNs2epPiv4Qc=",
      "dev": true,
      "requires": {
        "fill-range": "^7.0.1"
      }
    },
    "chokidar": {
      "version": "3.5.3",
      "resolved": "http://rmis.ideasoft.net.cn:8761/chokidar/-/chokidar-3.5.3.tgz",
      "integrity": "sha512-Dr3sfKRP6oTcjf2JmUmFJfeVMvXBdegxB0iVQ5eb2V10uFJUCAS8OByZdVAyVb8xXNz3GjjTgj9kLWsZTqE6kw==",
      "dev": true,
      "requires": {
        "anymatch": "~3.1.2",
        "braces": "~3.0.2",
        "fsevents": "~2.3.2",
        "glob-parent": "~5.1.2",
        "is-binary-path": "~2.1.0",
        "is-glob": "~4.0.1",
        "normalize-path": "~3.0.0",
        "readdirp": "~3.6.0"
      }
    },
    "csstype": {
      "version": "2.6.20",
      "resolved": "http://rmis.ideasoft.net.cn:8761/csstype/-/csstype-2.6.20.tgz",
      "integrity": "sha512-/WwNkdXfckNgw6S5R125rrW8ez139lBHWouiBvX8dfMFtcn6V81REDqnH7+CRpRipfYlyU1CmOnOxrmGcFOjeA=="
    },
    "dayjs": {
      "version": "1.11.1",
      "resolved": "http://rmis.ideasoft.net.cn:8761/dayjs/-/dayjs-1.11.1.tgz",
      "integrity": "sha512-ER7EjqVAMkRRsxNCC5YqJ9d9VQYuWdGt7aiH2qA5R5wt8ZmWaP2dLUSIK6y/kVzLMlmh1Tvu5xUf4M/wdGJ5KA=="
    },
    "element-plus": {
      "version": "2.1.10",
      "resolved": "http://rmis.ideasoft.net.cn:8761/element-plus/-/element-plus-2.1.10.tgz",
      "integrity": "sha512-sS9OMgP20dlYipmzHlEEgCJU+ID7+03YpRpoJWNQEH736C6ArmDMLnGFe8DUjPvwbUEXRA2d0Eo5d0apFgkSqg==",
      "requires": {
        "@ctrl/tinycolor": "^3.4.1",
        "@element-plus/icons-vue": "^1.1.4",
        "@floating-ui/dom": "^0.4.4",
        "@popperjs/core": "^2.11.5",
        "@types/lodash": "^4.14.181",
        "@types/lodash-es": "^4.17.6",
        "@vueuse/core": "^8.2.5",
        "async-validator": "^4.0.7",
        "dayjs": "^1.11.0",
        "escape-html": "^1.0.3",
        "lodash": "^4.17.21",
        "lodash-es": "^4.17.21",
        "lodash-unified": "^1.0.2",
        "memoize-one": "^6.0.0",
        "normalize-wheel-es": "^1.1.2"
      }
    },
    "esbuild": {
      "version": "0.14.37",
      "resolved": "http://rmis.ideasoft.net.cn:8761/esbuild/-/esbuild-0.14.37.tgz",
      "integrity": "sha512-sPlTpEkjzgFjWjYdve5xM1A3fpKXWNc+0yh0u9tqdER992OEpvde1c/+5rbRFsaSEEjQM9qXRcYn3EvNwgLF9w==",
      "dev": true,
      "requires": {
        "esbuild-android-64": "0.14.37",
        "esbuild-android-arm64": "0.14.37",
        "esbuild-darwin-64": "0.14.37",
        "esbuild-darwin-arm64": "0.14.37",
        "esbuild-freebsd-64": "0.14.37",
        "esbuild-freebsd-arm64": "0.14.37",
        "esbuild-linux-32": "0.14.37",
        "esbuild-linux-64": "0.14.37",
        "esbuild-linux-arm": "0.14.37",
        "esbuild-linux-arm64": "0.14.37",
        "esbuild-linux-mips64le": "0.14.37",
        "esbuild-linux-ppc64le": "0.14.37",
        "esbuild-linux-riscv64": "0.14.37",
        "esbuild-linux-s390x": "0.14.37",
        "esbuild-netbsd-64": "0.14.37",
        "esbuild-openbsd-64": "0.14.37",
        "esbuild-sunos-64": "0.14.37",
        "esbuild-windows-32": "0.14.37",
        "esbuild-windows-64": "0.14.37",
        "esbuild-windows-arm64": "0.14.37"
      }
    },
    "esbuild-android-64": {
      "version": "0.14.37",
      "resolved": "http://rmis.ideasoft.net.cn:8761/esbuild-android-64/-/esbuild-android-64-0.14.37.tgz",
      "integrity": "sha512-Jb61ihbS3iSj3+PhURe7sEuBg4h16CeT4CiT3W4Aop6rr5p/N6IvNXNWFX0gzUaRWtGoAFfCXFBEIn6zWUU3hQ==",
      "dev": true,
      "optional": true
    },
    "esbuild-android-arm64": {
      "version": "0.14.37",
      "resolved": "http://rmis.ideasoft.net.cn:8761/esbuild-android-arm64/-/esbuild-android-arm64-0.14.37.tgz",
      "integrity": "sha512-wwcI+EUHWe1LlxBE7vjdqZ53DEiCllD6XsYOIiGxzL8KaG7eOLXNS7tNhdK0QIR4wwMNTPLDB40ZKuAXZ8zv6Q==",
      "dev": true,
      "optional": true
    },
    "esbuild-darwin-64": {
      "version": "0.14.37",
      "resolved": "http://rmis.ideasoft.net.cn:8761/esbuild-darwin-64/-/esbuild-darwin-64-0.14.37.tgz",
      "integrity": "sha512-gg/UZ/FZrRzPq+tAOiMwyBoa6eNxX6bcjuivZ8v2Tny83RhIyeDhvC84dgVcPinqK39u8pOYw6a7nffotUrjKQ==",
      "dev": true,
      "optional": true
    },
    "esbuild-darwin-arm64": {
      "version": "0.14.37",
      "resolved": "http://rmis.ideasoft.net.cn:8761/esbuild-darwin-arm64/-/esbuild-darwin-arm64-0.14.37.tgz",
      "integrity": "sha512-eFwy5il5yvIHAVau97kWoNYfxuCd1X7hfgKc4Ns5ymlYXhyRzRywwJfknHax5rDyZxfDXtnFaT/nftUiYwsHIQ==",
      "dev": true,
      "optional": true
    },
    "esbuild-freebsd-64": {
      "version": "0.14.37",
      "resolved": "http://rmis.ideasoft.net.cn:8761/esbuild-freebsd-64/-/esbuild-freebsd-64-0.14.37.tgz",
      "integrity": "sha512-4iFbdmohve6wyPwsVPe/1j5rVwg5uPTopmgIUiJBbnPKMmo8NecUSbz3HwddsDHLrvGoIs5aOiETPWo9rg3wyg==",
      "dev": true,
      "optional": true
    },
    "esbuild-freebsd-arm64": {
      "version": "0.14.37",
      "resolved": "http://rmis.ideasoft.net.cn:8761/esbuild-freebsd-arm64/-/esbuild-freebsd-arm64-0.14.37.tgz",
      "integrity": "sha512-MGmZ9akBdqcIH7FcWhUrVTmTW18Xz/EVrvBcV6BHSFDQci0YnOhPAGCrV54t1JNG/5poHNBnaG3R2zNxnmJT5Q==",
      "dev": true,
      "optional": true
    },
    "esbuild-linux-32": {
      "version": "0.14.37",
      "resolved": "http://rmis.ideasoft.net.cn:8761/esbuild-linux-32/-/esbuild-linux-32-0.14.37.tgz",
      "integrity": "sha512-UCyQrn3n3dHXHDQTPO3gWxfoqtEpGObBdAgevuUtw0//TSyNftnaLcQYyBiGC6J85sM8f/c+Minz5jUFOKrmOA==",
      "dev": true,
      "optional": true
    },
    "esbuild-linux-64": {
      "version": "0.14.37",
      "resolved": "http://rmis.ideasoft.net.cn:8761/esbuild-linux-64/-/esbuild-linux-64-0.14.37.tgz",
      "integrity": "sha512-UURL6k1Ffr6K4faFgdP6lKVvMKYwq8JmAh+odCukzIWN4EpjIzgmhBUzyFVU+VQLh1+K3tlE1SPJ057PNpayUQ==",
      "dev": true,
      "optional": true
    },
    "esbuild-linux-arm": {
      "version": "0.14.37",
      "resolved": "http://rmis.ideasoft.net.cn:8761/esbuild-linux-arm/-/esbuild-linux-arm-0.14.37.tgz",
      "integrity": "sha512-SgWcdAivyK2z2kcYAGwLTBSTECXXj/lC0S/BiayyHLYJHA6C3aEGexB6ZDMgffj4Quy/l3Tyr9ktZh8bgcmJrA==",
      "dev": true,
      "optional": true
    },
    "esbuild-linux-arm64": {
      "version": "0.14.37",
      "resolved": "http://rmis.ideasoft.net.cn:8761/esbuild-linux-arm64/-/esbuild-linux-arm64-0.14.37.tgz",
      "integrity": "sha512-vDHyuFsDpz6nquJO7CAxU2CBj+PB+BJhGawzBrHtcM249fXK4GfVNVArgWFKkSGMZW1ZpKSeef7FeOvM6juhPg==",
      "dev": true,
      "optional": true
    },
    "esbuild-linux-mips64le": {
      "version": "0.14.37",
      "resolved": "http://rmis.ideasoft.net.cn:8761/esbuild-linux-mips64le/-/esbuild-linux-mips64le-0.14.37.tgz",
      "integrity": "sha512-azRAGYGKg3dxbYE7C+L35/2Oyg1RCuXvT3Z8M76JZF2N1ZNEA9g01zbuw3GtXWLyI6mhhoHxQL0H1SQUL0At1w==",
      "dev": true,
      "optional": true
    },
    "esbuild-linux-ppc64le": {
      "version": "0.14.37",
      "resolved": "http://rmis.ideasoft.net.cn:8761/esbuild-linux-ppc64le/-/esbuild-linux-ppc64le-0.14.37.tgz",
      "integrity": "sha512-SyNitGH/h7Hti7A+a5rkRDHhjra1TM1JnJJymRndOzw5Vd+AkWpoSQxxTfvmRw62g42zoeHBgcyrvGfT053l5w==",
      "dev": true,
      "optional": true
    },
    "esbuild-linux-riscv64": {
      "version": "0.14.37",
      "resolved": "http://rmis.ideasoft.net.cn:8761/esbuild-linux-riscv64/-/esbuild-linux-riscv64-0.14.37.tgz",
      "integrity": "sha512-IgEwVXYGC3HpCmZ1nl+vZw1h72i9WEf4mx+JBZ1s+Z0QVGww/8LI6oYZVboPtr7Lok1gKdg5tUZdFukGn5Fr/A==",
      "dev": true,
      "optional": true
    },
    "esbuild-linux-s390x": {
      "version": "0.14.37",
      "resolved": "http://rmis.ideasoft.net.cn:8761/esbuild-linux-s390x/-/esbuild-linux-s390x-0.14.37.tgz",
      "integrity": "sha512-X105T1x7PV9pZ/rDpOeNiTWGBd1A0BGUbi6hK9BW7X8IxzQZNwAsaahLOlAFf+OKezoSQrhHfNdBwIu9UZMmtw==",
      "dev": true,
      "optional": true
    },
    "esbuild-netbsd-64": {
      "version": "0.14.37",
      "resolved": "http://rmis.ideasoft.net.cn:8761/esbuild-netbsd-64/-/esbuild-netbsd-64-0.14.37.tgz",
      "integrity": "sha512-93mHLGTTFWAemDNGxlx0RJyNQ4E2OnnUGNHpNhKu/zzYw/Imf6dWGB6h7e9axtce8yOg5rOnx8BMhRu0NwQnKA==",
      "dev": true,
      "optional": true
    },
    "esbuild-openbsd-64": {
      "version": "0.14.37",
      "resolved": "http://rmis.ideasoft.net.cn:8761/esbuild-openbsd-64/-/esbuild-openbsd-64-0.14.37.tgz",
      "integrity": "sha512-jdhv2koRbF69artwD4aaSS72b+syfcdVHKs1SqjyfPvi/MsL7OC+jWGOSCZ329RmnECAwCOaL4dO7ZaJiLLj3Q==",
      "dev": true,
      "optional": true
    },
    "esbuild-sunos-64": {
      "version": "0.14.37",
      "resolved": "http://rmis.ideasoft.net.cn:8761/esbuild-sunos-64/-/esbuild-sunos-64-0.14.37.tgz",
      "integrity": "sha512-YvQsr++g0ZBHJUjPeR1Ui81eFcZTH5qJp8s5GP8jur0BwBM+2wCTNutXSh/ZKYp+4ejOo54PFTy3tGo36q7D6g==",
      "dev": true,
      "optional": true
    },
    "esbuild-windows-32": {
      "version": "0.14.37",
      "resolved": "http://rmis.ideasoft.net.cn:8761/esbuild-windows-32/-/esbuild-windows-32-0.14.37.tgz",
      "integrity": "sha512-aQlHyME09dWo2FVAniTXLurr/xYZre5bJrnW8yALPUu09ExCC7LzlFQFoJuuSyCdMDHcxYLc6HcrJLwRdR3b/Q==",
      "dev": true,
      "optional": true
    },
    "esbuild-windows-64": {
      "version": "0.14.37",
      "resolved": "http://rmis.ideasoft.net.cn:8761/esbuild-windows-64/-/esbuild-windows-64-0.14.37.tgz",
      "integrity": "sha512-4mJjpS71AV4rj5PXrOn19uQwiASiyziJwyZT+qQ3M/hc/fIWS2Pgv5gbgytC1O8jptMB6NIpgrauCw56lKgckA==",
      "dev": true,
      "optional": true
    },
    "esbuild-windows-arm64": {
      "version": "0.14.37",
      "resolved": "http://rmis.ideasoft.net.cn:8761/esbuild-windows-arm64/-/esbuild-windows-arm64-0.14.37.tgz",
      "integrity": "sha512-wQy+sAKD7/d6vDrgH+i+ZdbRLVHGG5BjBpBRStvGgLiuIo46/QEQCaHbBy2LOtXu/o1JYchxilzeQ+ExZdYkeA==",
      "dev": true,
      "optional": true
    },
    "escape-html": {
      "version": "1.0.3",
      "resolved": "http://rmis.ideasoft.net.cn:8761/escape-html/-/escape-html-1.0.3.tgz",
      "integrity": "sha1-Aljq5NPQwJdN4cFpGI7wBR0dGYg="
    },
    "estree-walker": {
      "version": "2.0.2",
      "resolved": "http://rmis.ideasoft.net.cn:8761/estree-walker/-/estree-walker-2.0.2.tgz",
      "integrity": "sha1-UvAQF4wqTBF6d1fP6UKtt9LaTKw="
    },
    "fill-range": {
      "version": "7.0.1",
      "resolved": "http://rmis.ideasoft.net.cn:8761/fill-range/-/fill-range-7.0.1.tgz",
      "integrity": "sha1-GRmmp8df44ssfHflGYU12prN2kA=",
      "dev": true,
      "requires": {
        "to-regex-range": "^5.0.1"
      }
    },
    "fsevents": {
      "version": "2.3.2",
      "resolved": "http://rmis.ideasoft.net.cn:8761/fsevents/-/fsevents-2.3.2.tgz",
      "integrity": "sha1-ilJveLj99GI7cJ4Ll1xSwkwC/Ro=",
      "dev": true,
      "optional": true
    },
    "function-bind": {
      "version": "1.1.1",
      "resolved": "http://rmis.ideasoft.net.cn:8761/function-bind/-/function-bind-1.1.1.tgz",
      "integrity": "sha1-pWiZ0+o8m6uHS7l3O3xe3pL0iV0=",
      "dev": true
    },
    "glob-parent": {
      "version": "5.1.2",
      "resolved": "http://rmis.ideasoft.net.cn:8761/glob-parent/-/glob-parent-5.1.2.tgz",
      "integrity": "sha1-hpgyxYA0/mikCTwX3BXoNA2EAcQ=",
      "dev": true,
      "requires": {
        "is-glob": "^4.0.1"
      }
    },
    "has": {
      "version": "1.0.3",
      "resolved": "http://rmis.ideasoft.net.cn:8761/has/-/has-1.0.3.tgz",
      "integrity": "sha1-ci18v8H2qoJB8W3YFOAR4fQeh5Y=",
      "dev": true,
      "requires": {
        "function-bind": "^1.1.1"
      }
    },
    "immutable": {
      "version": "4.0.0",
      "resolved": "http://rmis.ideasoft.net.cn:8761/immutable/-/immutable-4.0.0.tgz",
      "integrity": "sha512-zIE9hX70qew5qTUjSS7wi1iwj/l7+m54KWU247nhM3v806UdGj1yDndXj+IOYxxtW9zyLI+xqFNZjTuDaLUqFw==",
      "dev": true
    },
    "is-binary-path": {
      "version": "2.1.0",
      "resolved": "http://rmis.ideasoft.net.cn:8761/is-binary-path/-/is-binary-path-2.1.0.tgz",
      "integrity": "sha1-6h9/O4DwZCNug0cPhsCcJU+0Wwk=",
      "dev": true,
      "requires": {
        "binary-extensions": "^2.0.0"
      }
    },
    "is-core-module": {
      "version": "2.9.0",
      "resolved": "http://rmis.ideasoft.net.cn:8761/is-core-module/-/is-core-module-2.9.0.tgz",
      "integrity": "sha512-+5FPy5PnwmO3lvfMb0AsoPaBG+5KHUI0wYFXOtYPnVVVspTFUuMZNfNaNVRt3FZadstu2c8x23vykRW/NBoU6A==",
      "dev": true,
      "requires": {
        "has": "^1.0.3"
      }
    },
    "is-extglob": {
      "version": "2.1.1",
      "resolved": "http://rmis.ideasoft.net.cn:8761/is-extglob/-/is-extglob-2.1.1.tgz",
      "integrity": "sha1-qIwCU1eR8C7TfHahueqXc8gz+MI=",
      "dev": true
    },
    "is-glob": {
      "version": "4.0.3",
      "resolved": "http://rmis.ideasoft.net.cn:8761/is-glob/-/is-glob-4.0.3.tgz",
      "integrity": "sha1-ZPYeQsu7LuwgcanawLKLoeZdUIQ=",
      "dev": true,
      "requires": {
        "is-extglob": "^2.1.1"
      }
    },
    "is-number": {
      "version": "7.0.0",
      "resolved": "http://rmis.ideasoft.net.cn:8761/is-number/-/is-number-7.0.0.tgz",
      "integrity": "sha1-dTU0W4lnNNX4DE0GxQlVUnoU8Ss=",
      "dev": true
    },
    "klona": {
      "version": "2.0.5",
      "resolved": "http://rmis.ideasoft.net.cn:8761/klona/-/klona-2.0.5.tgz",
      "integrity": "sha1-0WZXTZAHY5XZljqnqSj6u412r7w=",
      "dev": true
    },
    "lodash": {
      "version": "4.17.21",
      "resolved": "http://rmis.ideasoft.net.cn:8761/lodash/-/lodash-4.17.21.tgz",
      "integrity": "sha1-Z5WRxWTDv/quhFTPCz3zcMPWkRw="
    },
    "lodash-es": {
      "version": "4.17.21",
      "resolved": "http://rmis.ideasoft.net.cn:8761/lodash-es/-/lodash-es-4.17.21.tgz",
      "integrity": "sha512-mKnC+QJ9pWVzv+C4/U3rRsHapFfHvQFoFB92e52xeyGMcX6/OlIl78je1u8vePzYZSkkogMPJ2yjxxsb89cxyw=="
    },
    "lodash-unified": {
      "version": "1.0.2",
      "resolved": "http://rmis.ideasoft.net.cn:8761/lodash-unified/-/lodash-unified-1.0.2.tgz",
      "integrity": "sha512-OGbEy+1P+UT26CYi4opY4gebD8cWRDxAT6MAObIVQMiqYdxZr1g3QHWCToVsm31x2NkLS4K3+MC2qInaRMa39g=="
    },
    "magic-string": {
      "version": "0.25.9",
      "resolved": "http://rmis.ideasoft.net.cn:8761/magic-string/-/magic-string-0.25.9.tgz",
      "integrity": "sha512-RmF0AsMzgt25qzqqLc1+MbHmhdx0ojF2Fvs4XnOqz2ZOBXzzkEwc/dJQZCYHAn7v1jbVOjAZfK8msRn4BxO4VQ==",
      "requires": {
        "sourcemap-codec": "^1.4.8"
      }
    },
    "memoize-one": {
      "version": "6.0.0",
      "resolved": "http://rmis.ideasoft.net.cn:8761/memoize-one/-/memoize-one-6.0.0.tgz",
      "integrity": "sha512-rkpe71W0N0c0Xz6QD0eJETuWAJGnJ9afsl1srmwPrI+yBCkge5EycXXbYRyvL29zZVUWQCY7InPRCv3GDXuZNw=="
    },
    "nanoid": {
      "version": "3.3.3",
      "resolved": "http://rmis.ideasoft.net.cn:8761/nanoid/-/nanoid-3.3.3.tgz",
      "integrity": "sha512-p1sjXuopFs0xg+fPASzQ28agW1oHD7xDsd9Xkf3T15H3c/cifrFHVwrh74PdoklAPi+i7MdRsE47vm2r6JoB+w=="
    },
    "neo-async": {
      "version": "2.6.2",
      "resolved": "http://rmis.ideasoft.net.cn:8761/neo-async/-/neo-async-2.6.2.tgz",
      "integrity": "sha1-tKr7k+OustgXTKU88WOrfXMIMF8=",
      "dev": true
    },
    "normalize-path": {
      "version": "3.0.0",
      "resolved": "http://rmis.ideasoft.net.cn:8761/normalize-path/-/normalize-path-3.0.0.tgz",
      "integrity": "sha1-Dc1p/yOhybEf0JeDFmRKA4ghamU=",
      "dev": true
    },
    "normalize-wheel-es": {
      "version": "1.1.2",
      "resolved": "http://rmis.ideasoft.net.cn:8761/normalize-wheel-es/-/normalize-wheel-es-1.1.2.tgz",
      "integrity": "sha512-scX83plWJXYH1J4+BhAuIHadROzxX0UBF3+HuZNY2Ks8BciE7tSTQ+5JhTsvzjaO0/EJdm4JBGrfObKxFf3Png=="
    },
    "path-parse": {
      "version": "1.0.7",
      "resolved": "http://rmis.ideasoft.net.cn:8761/path-parse/-/path-parse-1.0.7.tgz",
      "integrity": "sha1-+8EUtgykKzDZ2vWFjkvWi77bZzU=",
      "dev": true
    },
    "picocolors": {
      "version": "1.0.0",
      "resolved": "http://rmis.ideasoft.net.cn:8761/picocolors/-/picocolors-1.0.0.tgz",
      "integrity": "sha1-y1vcdP8/UYkiNur3nWi8RFZKuBw="
    },
    "picomatch": {
      "version": "2.3.1",
      "resolved": "http://rmis.ideasoft.net.cn:8761/picomatch/-/picomatch-2.3.1.tgz",
      "integrity": "sha512-JU3teHTNjmE2VCGFzuY8EXzCDVwEqB2a8fsIvwaStHhAWJEeVd1o1QD80CU6+ZdEXXSLbSsuLwJjkCBWqRQUVA==",
      "dev": true
    },
    "postcss": {
      "version": "8.4.12",
      "resolved": "http://rmis.ideasoft.net.cn:8761/postcss/-/postcss-8.4.12.tgz",
      "integrity": "sha512-lg6eITwYe9v6Hr5CncVbK70SoioNQIq81nsaG86ev5hAidQvmOeETBqs7jm43K2F5/Ley3ytDtriImV6TpNiSg==",
      "requires": {
        "nanoid": "^3.3.1",
        "picocolors": "^1.0.0",
        "source-map-js": "^1.0.2"
      }
    },
    "readdirp": {
      "version": "3.6.0",
      "resolved": "http://rmis.ideasoft.net.cn:8761/readdirp/-/readdirp-3.6.0.tgz",
      "integrity": "sha1-dKNwvYVxFuJFspzJc0DNQxoCpsc=",
      "dev": true,
      "requires": {
        "picomatch": "^2.2.1"
      }
    },
    "resolve": {
      "version": "1.22.0",
      "resolved": "http://rmis.ideasoft.net.cn:8761/resolve/-/resolve-1.22.0.tgz",
      "integrity": "sha512-Hhtrw0nLeSrFQ7phPp4OOcVjLPIeMnRlr5mcnVuMe7M/7eBn98A3hmFRLoFo3DLZkivSYwhRUJTyPyWAk56WLw==",
      "dev": true,
      "requires": {
        "is-core-module": "^2.8.1",
        "path-parse": "^1.0.7",
        "supports-preserve-symlinks-flag": "^1.0.0"
      }
    },
    "rollup": {
      "version": "2.70.2",
      "resolved": "http://rmis.ideasoft.net.cn:8761/rollup/-/rollup-2.70.2.tgz",
      "integrity": "sha512-EitogNZnfku65I1DD5Mxe8JYRUCy0hkK5X84IlDtUs+O6JRMpRciXTzyCUuX11b5L5pvjH+OmFXiQ3XjabcXgg==",
      "dev": true,
      "requires": {
        "fsevents": "~2.3.2"
      }
    },
    "sass": {
      "version": "1.50.1",
      "resolved": "http://rmis.ideasoft.net.cn:8761/sass/-/sass-1.50.1.tgz",
      "integrity": "sha512-noTnY41KnlW2A9P8sdwESpDmo+KBNkukI1i8+hOK3footBUcohNHtdOJbckp46XO95nuvcHDDZ+4tmOnpK3hjw==",
      "dev": true,
      "requires": {
        "chokidar": ">=3.0.0 <4.0.0",
        "immutable": "^4.0.0",
        "source-map-js": ">=0.6.2 <2.0.0"
      }
    },
    "sass-loader": {
      "version": "12.6.0",
      "resolved": "http://rmis.ideasoft.net.cn:8761/sass-loader/-/sass-loader-12.6.0.tgz",
      "integrity": "sha512-oLTaH0YCtX4cfnJZxKSLAyglED0naiYfNG1iXfU5w1LNZ+ukoA5DtyDIN5zmKVZwYNJP4KRc5Y3hkWga+7tYfA==",
      "dev": true,
      "requires": {
        "klona": "^2.0.4",
        "neo-async": "^2.6.2"
      }
    },
    "source-map": {
      "version": "0.6.1",
      "resolved": "http://rmis.ideasoft.net.cn:8761/source-map/-/source-map-0.6.1.tgz",
      "integrity": "sha1-dHIq8y6WFOnCh6jQu95IteLxomM="
    },
    "source-map-js": {
      "version": "1.0.2",
      "resolved": "http://rmis.ideasoft.net.cn:8761/source-map-js/-/source-map-js-1.0.2.tgz",
      "integrity": "sha512-R0XvVJ9WusLiqTCEiGCmICCMplcCkIwwR11mOSD9CR5u+IXYdiseeEuXCVAjS54zqwkLcPNnmU4OeJ6tUrWhDw=="
    },
    "sourcemap-codec": {
      "version": "1.4.8",
      "resolved": "http://rmis.ideasoft.net.cn:8761/sourcemap-codec/-/sourcemap-codec-1.4.8.tgz",
      "integrity": "sha1-6oBL2UhXQC5pktBaOO8a41qatMQ="
    },
    "supports-preserve-symlinks-flag": {
      "version": "1.0.0",
      "resolved": "http://rmis.ideasoft.net.cn:8761/supports-preserve-symlinks-flag/-/supports-preserve-symlinks-flag-1.0.0.tgz",
      "integrity": "sha512-ot0WnXS9fgdkgIcePe6RHNk1WA8+muPa6cSjeR3V8K27q9BB1rTE3R1p7Hv0z1ZyAc8s6Vvv8DIyWf681MAt0w==",
      "dev": true
    },
    "to-regex-range": {
      "version": "5.0.1",
      "resolved": "http://rmis.ideasoft.net.cn:8761/to-regex-range/-/to-regex-range-5.0.1.tgz",
      "integrity": "sha1-FkjESq58jZiKMmAY7XL1tN0DkuQ=",
      "dev": true,
      "requires": {
        "is-number": "^7.0.0"
      }
    },
    "typescript": {
      "version": "4.6.3",
      "resolved": "http://rmis.ideasoft.net.cn:8761/typescript/-/typescript-4.6.3.tgz",
      "integrity": "sha512-yNIatDa5iaofVozS/uQJEl3JRWLKKGJKh6Yaiv0GLGSuhpFJe7P3SbHZ8/yjAHRQwKRoA6YZqlfjXWmVzoVSMw==",
      "dev": true
    },
    "vite": {
      "version": "2.9.5",
      "resolved": "http://rmis.ideasoft.net.cn:8761/vite/-/vite-2.9.5.tgz",
      "integrity": "sha512-dvMN64X2YEQgSXF1lYabKXw3BbN6e+BL67+P3Vy4MacnY+UzT1AfkHiioFSi9+uiDUiaDy7Ax/LQqivk6orilg==",
      "dev": true,
      "requires": {
        "esbuild": "^0.14.27",
        "fsevents": "~2.3.2",
        "postcss": "^8.4.12",
        "resolve": "^1.22.0",
        "rollup": "^2.59.0"
      }
    },
    "vue": {
      "version": "3.2.33",
      "resolved": "http://rmis.ideasoft.net.cn:8761/vue/-/vue-3.2.33.tgz",
      "integrity": "sha512-si1ExAlDUrLSIg/V7D/GgA4twJwfsfgG+t9w10z38HhL/HA07132pUQ2KuwAo8qbCyMJ9e6OqrmWrOCr+jW7ZQ==",
      "requires": {
        "@vue/compiler-dom": "3.2.33",
        "@vue/compiler-sfc": "3.2.33",
        "@vue/runtime-dom": "3.2.33",
        "@vue/server-renderer": "3.2.33",
        "@vue/shared": "3.2.33"
      }
    },
    "vue-demi": {
      "version": "0.12.5",
      "resolved": "http://rmis.ideasoft.net.cn:8761/vue-demi/-/vue-demi-0.12.5.tgz",
      "integrity": "sha512-BREuTgTYlUr0zw0EZn3hnhC3I6gPWv+Kwh4MCih6QcAeaTlaIX0DwOVN0wHej7hSvDPecz4jygy/idsgKfW58Q=="
    },
    "vue-router": {
      "version": "4.0.14",
      "resolved": "http://rmis.ideasoft.net.cn:8761/vue-router/-/vue-router-4.0.14.tgz",
      "integrity": "sha512-wAO6zF9zxA3u+7AkMPqw9LjoUCjSxfFvINQj3E/DceTt6uEz1XZLraDhdg2EYmvVwTBSGlLYsUw8bDmx0754Mw==",
      "requires": {
        "@vue/devtools-api": "^6.0.0"
      }
    },
    "vue-tsc": {
      "version": "0.34.7",
      "resolved": "http://rmis.ideasoft.net.cn:8761/vue-tsc/-/vue-tsc-0.34.7.tgz",
      "integrity": "sha512-GcdwGuddEakVBHKw7uiZUfHqobGD4Ym2XExGuwYuxw7rT50ZnRZvYQ3IB7zyPLa7UZEmiy6HTJiTrArw7ZOu+w==",
      "dev": true,
      "requires": {
        "@volar/vue-typescript": "0.34.7"
      }
    },
    "vuex": {
      "version": "4.0.2",
      "resolved": "http://rmis.ideasoft.net.cn:8761/vuex/-/vuex-4.0.2.tgz",
      "integrity": "sha1-+Jbb1b8qDpY/AMZ+m2EN50nMrMk=",
      "requires": {
        "@vue/devtools-api": "^6.0.0-beta.11"
      }
    }
  }
}
